
Microsoft Visual Studio Solution File, Format Version 12.00
# Visual Studio Version 16
VisualStudioVersion = 16.0.32929.386
MinimumVisualStudioVersion = 10.0.40219.1
Project("{FAE04EC0-301F-11D3-BF4B-00C04F79EFBC}") = "PokerGameClasses", "PokerGameClasses\PokerGameClasses.csproj", "{8842600E-08C3-41F8-86E1-858E35842F15}"
EndProject
Global
	GlobalSection(SolutionConfigurationPlatforms) = preSolution
		Debug|Any CPU = Debug|Any CPU
		Release|Any CPU = Release|Any CPU
	EndGlobalSection
	GlobalSection(ProjectConfigurationPlatforms) = postSolution
		{8842600E-08C3-41F8-86E1-858E35842F15}.Debug|Any CPU.ActiveCfg = Debug|Any CPU
		{8842600E-08C3-41F8-86E1-858E35842F15}.Debug|Any CPU.Build.0 = Debug|Any CPU
		{8842600E-08C3-41F8-86E1-858E35842F15}.Release|Any CPU.ActiveCfg = Release|Any CPU
		{8842600E-08C3-41F8-86E1-858E35842F15}.Release|Any CPU.Build.0 = Release|Any CPU
	EndGlobalSection
	GlobalSection(SolutionProperties) = preSolution
		HideSolutionNode = FALSE
	EndGlobalSection
	GlobalSection(ExtensibilityGlobals) = postSolution
		SolutionGuid = {2B322983-9380-4BE7-8C5E-A4F870207AEE}
	EndGlobalSection
EndGlobal
