
Microsoft Visual Studio Solution File, Format Version 12.00
# Visual Studio Version 16
VisualStudioVersion = 16.0.33130.400
MinimumVisualStudioVersion = 10.0.40219.1
Project("{FAE04EC0-301F-11D3-BF4B-00C04F79EFBC}") = "ClientMenuTests", "ClientMenuTests\ClientMenuTests.csproj", "{750907A4-DAFA-4556-B4FE-0B115A0A3B80}"
EndProject
Global
	GlobalSection(SolutionConfigurationPlatforms) = preSolution
		Debug|Any CPU = Debug|Any CPU
		Release|Any CPU = Release|Any CPU
	EndGlobalSection
	GlobalSection(ProjectConfigurationPlatforms) = postSolution
		{750907A4-DAFA-4556-B4FE-0B115A0A3B80}.Debug|Any CPU.ActiveCfg = Debug|Any CPU
		{750907A4-DAFA-4556-B4FE-0B115A0A3B80}.Debug|Any CPU.Build.0 = Debug|Any CPU
		{750907A4-DAFA-4556-B4FE-0B115A0A3B80}.Release|Any CPU.ActiveCfg = Release|Any CPU
		{750907A4-DAFA-4556-B4FE-0B115A0A3B80}.Release|Any CPU.Build.0 = Release|Any CPU
	EndGlobalSection
	GlobalSection(SolutionProperties) = preSolution
		HideSolutionNode = FALSE
	EndGlobalSection
	GlobalSection(ExtensibilityGlobals) = postSolution
		SolutionGuid = {256241DF-EAF1-4E83-9C8A-5445102CD8F9}
	EndGlobalSection
EndGlobal
