
Microsoft Visual Studio Solution File, Format Version 12.00
# Visual Studio Version 16
VisualStudioVersion = 16.0.33130.400
MinimumVisualStudioVersion = 10.0.40219.1
Project("{9A19103F-16F7-4668-BE54-9A1E7A4F7556}") = "pGrServer", "pGrServer\pGrServer.csproj", "{E642E340-2A7A-4EF5-9FE1-E3ED28EF77B8}"
EndProject
Project("{2150E333-8FDC-42A3-9474-1A3956D46DE8}") = "Solution Items", "Solution Items", "{1FE805B2-A367-4323-A488-357FE165E4CC}"
	ProjectSection(SolutionItems) = preProject
		.editorconfig = .editorconfig
	EndProjectSection
EndProject
Project("{FAE04EC0-301F-11D3-BF4B-00C04F79EFBC}") = "TestProjectWinner", "TestProjectWinner\TestProjectWinner.csproj", "{E089C9AB-61DA-4584-90F8-D6F0B0506742}"
EndProject
Global
	GlobalSection(SolutionConfigurationPlatforms) = preSolution
		Debug|Any CPU = Debug|Any CPU
		Release|Any CPU = Release|Any CPU
	EndGlobalSection
	GlobalSection(ProjectConfigurationPlatforms) = postSolution
		{E642E340-2A7A-4EF5-9FE1-E3ED28EF77B8}.Debug|Any CPU.ActiveCfg = Debug|Any CPU
		{E642E340-2A7A-4EF5-9FE1-E3ED28EF77B8}.Debug|Any CPU.Build.0 = Debug|Any CPU
		{E642E340-2A7A-4EF5-9FE1-E3ED28EF77B8}.Release|Any CPU.ActiveCfg = Release|Any CPU
		{E642E340-2A7A-4EF5-9FE1-E3ED28EF77B8}.Release|Any CPU.Build.0 = Release|Any CPU
		{E089C9AB-61DA-4584-90F8-D6F0B0506742}.Debug|Any CPU.ActiveCfg = Debug|Any CPU
		{E089C9AB-61DA-4584-90F8-D6F0B0506742}.Debug|Any CPU.Build.0 = Debug|Any CPU
		{E089C9AB-61DA-4584-90F8-D6F0B0506742}.Release|Any CPU.ActiveCfg = Release|Any CPU
		{E089C9AB-61DA-4584-90F8-D6F0B0506742}.Release|Any CPU.Build.0 = Release|Any CPU
	EndGlobalSection
	GlobalSection(SolutionProperties) = preSolution
		HideSolutionNode = FALSE
	EndGlobalSection
	GlobalSection(ExtensibilityGlobals) = postSolution
		SolutionGuid = {2E62BE38-A2F4-478D-AF7E-E760710E8A76}
	EndGlobalSection
EndGlobal
